// !$*UTF8*$!
{
	archiveVersion = 1;
	classes = {
	};
	objectVersion = 50;
	objects = {

/* Begin PBXBuildFile section */
		190A747425A6613D000EBFEF /* AppDelegate.swift in Sources */ = {isa = PBXBuildFile; fileRef = 190A747325A6613D000EBFEF /* AppDelegate.swift */; };
		190A747625A6613D000EBFEF /* SceneDelegate.swift in Sources */ = {isa = PBXBuildFile; fileRef = 190A747525A6613D000EBFEF /* SceneDelegate.swift */; };
		190A747825A6613D000EBFEF /* ViewController.swift in Sources */ = {isa = PBXBuildFile; fileRef = 190A747725A6613D000EBFEF /* ViewController.swift */; };
		190A747B25A6613D000EBFEF /* Main.storyboard in Resources */ = {isa = PBXBuildFile; fileRef = 190A747925A6613D000EBFEF /* Main.storyboard */; };
		190A747D25A6613E000EBFEF /* Assets.xcassets in Resources */ = {isa = PBXBuildFile; fileRef = 190A747C25A6613E000EBFEF /* Assets.xcassets */; };
		190A748025A6613E000EBFEF /* LaunchScreen.storyboard in Resources */ = {isa = PBXBuildFile; fileRef = 190A747E25A6613E000EBFEF /* LaunchScreen.storyboard */; };
		190A748B25A6613E000EBFEF /* PreworkTests.swift in Sources */ = {isa = PBXBuildFile; fileRef = 190A748A25A6613E000EBFEF /* PreworkTests.swift */; };
		190A749625A6613E000EBFEF /* PreworkUITests.swift in Sources */ = {isa = PBXBuildFile; fileRef = 190A749525A6613E000EBFEF /* PreworkUITests.swift */; };
/* End PBXBuildFile section */

/* Begin PBXContainerItemProxy section */
		190A748725A6613E000EBFEF /* PBXContainerItemProxy */ = {
			isa = PBXContainerItemProxy;
			containerPortal = 190A746825A6613C000EBFEF /* Project object */;
			proxyType = 1;
			remoteGlobalIDString = 190A746F25A6613D000EBFEF;
			remoteInfo = Prework;
		};
		190A749225A6613E000EBFEF /* PBXContainerItemProxy */ = {
			isa = PBXContainerItemProxy;
			containerPortal = 190A746825A6613C000EBFEF /* Project object */;
			proxyType = 1;
			remoteGlobalIDString = 190A746F25A6613D000EBFEF;
			remoteInfo = Prework;
		};
/* End PBXContainerItemProxy section */

/* Begin PBXFileReference section */
		190A747025A6613D000EBFEF /* Prework.app */ = {isa = PBXFileReference; explicitFileType = wrapper.application; includeInIndex = 0; path = Prework.app; sourceTree = BUILT_PRODUCTS_DIR; };
		190A747325A6613D000EBFEF /* AppDelegate.swift */ = {isa = PBXFileReference; lastKnownFileType = sourcecode.swift; path = AppDelegate.swift; sourceTree = "<group>"; };
		190A747525A6613D000EBFEF /* SceneDelegate.swift */ = {isa = PBXFileReference; lastKnownFileType = sourcecode.swift; path = SceneDelegate.swift; sourceTree = "<group>"; };
		190A747725A6613D000EBFEF /* ViewController.swift */ = {isa = PBXFileReference; lastKnownFileType = sourcecode.swift; path = ViewController.swift; sourceTree = "<group>"; };
		190A747A25A6613D000EBFEF /* Base */ = {isa = PBXFileReference; lastKnownFileType = file.storyboard; name = Base; path = Base.lproj/Main.storyboard; sourceTree = "<group>"; };
		190A747C25A6613E000EBFEF /* Assets.xcassets */ = {isa = PBXFileReference; lastKnownFileType = folder.assetcatalog; path = Assets.xcassets; sourceTree = "<group>"; };
		190A747F25A6613E000EBFEF /* Base */ = {isa = PBXFileReference; lastKnownFileType = file.storyboard; name = Base; path = Base.lproj/LaunchScreen.storyboard; sourceTree = "<group>"; };
		190A748125A6613E000EBFEF /* Info.plist */ = {isa = PBXFileReference; lastKnownFileType = text.plist.xml; path = Info.plist; sourceTree = "<group>"; };
		190A748625A6613E000EBFEF /* PreworkTests.xctest */ = {isa = PBXFileReference; explicitFileType = wrapper.cfbundle; includeInIndex = 0; path = PreworkTests.xctest; sourceTree = BUILT_PRODUCTS_DIR; };
		190A748A25A6613E000EBFEF /* PreworkTests.swift */ = {isa = PBXFileReference; lastKnownFileType = sourcecode.swift; path = PreworkTests.swift; sourceTree = "<group>"; };
		190A748C25A6613E000EBFEF /* Info.plist */ = {isa = PBXFileReference; lastKnownFileType = text.plist.xml; path = Info.plist; sourceTree = "<group>"; };
		190A749125A6613E000EBFEF /* PreworkUITests.xctest */ = {isa = PBXFileReference; explicitFileType = wrapper.cfbundle; includeInIndex = 0; path = PreworkUITests.xctest; sourceTree = BUILT_PRODUCTS_DIR; };
		190A749525A6613E000EBFEF /* PreworkUITests.swift */ = {isa = PBXFileReference; lastKnownFileType = sourcecode.swift; path = PreworkUITests.swift; sourceTree = "<group>"; };
		190A749725A6613E000EBFEF /* Info.plist */ = {isa = PBXFileReference; lastKnownFileType = text.plist.xml; path = Info.plist; sourceTree = "<group>"; };
/* End PBXFileReference section */

/* Begin PBXFrameworksBuildPhase section */
		190A746D25A6613D000EBFEF /* Frameworks */ = {
			isa = PBXFrameworksBuildPhase;
			buildActionMask = 2147483647;
			files = (
			);
			runOnlyForDeploymentPostprocessing = 0;
		};
		190A748325A6613E000EBFEF /* Frameworks */ = {
			isa = PBXFrameworksBuildPhase;
			buildActionMask = 2147483647;
			files = (
			);
			runOnlyForDeploymentPostprocessing = 0;
		};
		190A748E25A6613E000EBFEF /* Frameworks */ = {
			isa = PBXFrameworksBuildPhase;
			buildActionMask = 2147483647;
			files = (
			);
			runOnlyForDeploymentPostprocessing = 0;
		};
/* End PBXFrameworksBuildPhase section */

/* Begin PBXGroup section */
		190A746725A6613C000EBFEF = {
			isa = PBXGroup;
			children = (
				190A747225A6613D000EBFEF /* Prework */,
				190A748925A6613E000EBFEF /* PreworkTests */,
				190A749425A6613E000EBFEF /* PreworkUITests */,
				190A747125A6613D000EBFEF /* Products */,
			);
			sourceTree = "<group>";
		};
		190A747125A6613D000EBFEF /* Products */ = {
			isa = PBXGroup;
			children = (
				190A747025A6613D000EBFEF /* Prework.app */,
				190A748625A6613E000EBFEF /* PreworkTests.xctest */,
				190A749125A6613E000EBFEF /* PreworkUITests.xctest */,
			);
			name = Products;
			sourceTree = "<group>";
		};
		190A747225A6613D000EBFEF /* Prework */ = {
			isa = PBXGroup;
			children = (
				190A747325A6613D000EBFEF /* AppDelegate.swift */,
				190A747525A6613D000EBFEF /* SceneDelegate.swift */,
				190A747725A6613D000EBFEF /* ViewController.swift */,
				190A747925A6613D000EBFEF /* Main.storyboard */,
				190A747C25A6613E000EBFEF /* Assets.xcassets */,
				190A747E25A6613E000EBFEF /* LaunchScreen.storyboard */,
				190A748125A6613E000EBFEF /* Info.plist */,
			);
			path = Prework;
			sourceTree = "<group>";
		};
		190A748925A6613E000EBFEF /* PreworkTests */ = {
			isa = PBXGroup;
			children = (
				190A748A25A6613E000EBFEF /* PreworkTests.swift */,
				190A748C25A6613E000EBFEF /* Info.plist */,
			);
			path = PreworkTests;
			sourceTree = "<group>";
		};
		190A749425A6613E000EBFEF /* PreworkUITests */ = {
			isa = PBXGroup;
			children = (
				190A749525A6613E000EBFEF /* PreworkUITests.swift */,
				190A749725A6613E000EBFEF /* Info.plist */,
			);
			path = PreworkUITests;
			sourceTree = "<group>";
		};
/* End PBXGroup section */

/* Begin PBXNativeTarget section */
		190A746F25A6613D000EBFEF /* Prework */ = {
			isa = PBXNativeTarget;
			buildConfigurationList = 190A749A25A6613E000EBFEF /* Build configuration list for PBXNativeTarget "Prework" */;
			buildPhases = (
				190A746C25A6613D000EBFEF /* Sources */,
				190A746D25A6613D000EBFEF /* Frameworks */,
				190A746E25A6613D000EBFEF /* Resources */,
			);
			buildRules = (
			);
			dependencies = (
			);
			name = Prework;
			productName = Prework;
			productReference = 190A747025A6613D000EBFEF /* Prework.app */;
			productType = "com.apple.product-type.application";
		};
		190A748525A6613E000EBFEF /* PreworkTests */ = {
			isa = PBXNativeTarget;
			buildConfigurationList = 190A749D25A6613E000EBFEF /* Build configuration list for PBXNativeTarget "PreworkTests" */;
			buildPhases = (
				190A748225A6613E000EBFEF /* Sources */,
				190A748325A6613E000EBFEF /* Frameworks */,
				190A748425A6613E000EBFEF /* Resources */,
			);
			buildRules = (
			);
			dependencies = (
				190A748825A6613E000EBFEF /* PBXTargetDependency */,
			);
			name = PreworkTests;
			productName = PreworkTests;
			productReference = 190A748625A6613E000EBFEF /* PreworkTests.xctest */;
			productType = "com.apple.product-type.bundle.unit-test";
		};
		190A749025A6613E000EBFEF /* PreworkUITests */ = {
			isa = PBXNativeTarget;
			buildConfigurationList = 190A74A025A6613E000EBFEF /* Build configuration list for PBXNativeTarget "PreworkUITests" */;
			buildPhases = (
				190A748D25A6613E000EBFEF /* Sources */,
				190A748E25A6613E000EBFEF /* Frameworks */,
				190A748F25A6613E000EBFEF /* Resources */,
			);
			buildRules = (
			);
			dependencies = (
				190A749325A6613E000EBFEF /* PBXTargetDependency */,
			);
			name = PreworkUITests;
			productName = PreworkUITests;
			productReference = 190A749125A6613E000EBFEF /* PreworkUITests.xctest */;
			productType = "com.apple.product-type.bundle.ui-testing";
		};
/* End PBXNativeTarget section */

/* Begin PBXProject section */
		190A746825A6613C000EBFEF /* Project object */ = {
			isa = PBXProject;
			attributes = {
				LastSwiftUpdateCheck = 1130;
				LastUpgradeCheck = 1130;
				ORGANIZATIONNAME = "Shijia Hao";
				TargetAttributes = {
					190A746F25A6613D000EBFEF = {
						CreatedOnToolsVersion = 11.3.1;
					};
					190A748525A6613E000EBFEF = {
						CreatedOnToolsVersion = 11.3.1;
						TestTargetID = 190A746F25A6613D000EBFEF;
					};
					190A749025A6613E000EBFEF = {
						CreatedOnToolsVersion = 11.3.1;
						TestTargetID = 190A746F25A6613D000EBFEF;
					};
				};
			};
			buildConfigurationList = 190A746B25A6613C000EBFEF /* Build configuration list for PBXProject "Prework" */;
			compatibilityVersion = "Xcode 9.3";
			developmentRegion = en;
			hasScannedForEncodings = 0;
			knownRegions = (
				en,
				Base,
			);
			mainGroup = 190A746725A6613C000EBFEF;
			productRefGroup = 190A747125A6613D000EBFEF /* Products */;
			projectDirPath = "";
			projectRoot = "";
			targets = (
				190A746F25A6613D000EBFEF /* Prework */,
				190A748525A6613E000EBFEF /* PreworkTests */,
				190A749025A6613E000EBFEF /* PreworkUITests */,
			);
		};
/* End PBXProject section */

/* Begin PBXResourcesBuildPhase section */
		190A746E25A6613D000EBFEF /* Resources */ = {
			isa = PBXResourcesBuildPhase;
			buildActionMask = 2147483647;
			files = (
				190A748025A6613E000EBFEF /* LaunchScreen.storyboard in Resources */,
				190A747D25A6613E000EBFEF /* Assets.xcassets in Resources */,
				190A747B25A6613D000EBFEF /* Main.storyboard in Resources */,
			);
			runOnlyForDeploymentPostprocessing = 0;
		};
		190A748425A6613E000EBFEF /* Resources */ = {
			isa = PBXResourcesBuildPhase;
			buildActionMask = 2147483647;
			files = (
			);
			runOnlyForDeploymentPostprocessing = 0;
		};
		190A748F25A6613E000EBFEF /* Resources */ = {
			isa = PBXResourcesBuildPhase;
			buildActionMask = 2147483647;
			files = (
			);
			runOnlyForDeploymentPostprocessing = 0;
		};
/* End PBXResourcesBuildPhase section */

/* Begin PBXSourcesBuildPhase section */
		190A746C25A6613D000EBFEF /* Sources */ = {
			isa = PBXSourcesBuildPhase;
			buildActionMask = 2147483647;
			files = (
				190A747825A6613D000EBFEF /* ViewController.swift in Sources */,
				190A747425A6613D000EBFEF /* AppDelegate.swift in Sources */,
				190A747625A6613D000EBFEF /* SceneDelegate.swift in Sources */,
			);
			runOnlyForDeploymentPostprocessing = 0;
		};
		190A748225A6613E000EBFEF /* Sources */ = {
			isa = PBXSourcesBuildPhase;
			buildActionMask = 2147483647;
			files = (
				190A748B25A6613E000EBFEF /* PreworkTests.swift in Sources */,
			);
			runOnlyForDeploymentPostprocessing = 0;
		};
		190A748D25A6613E000EBFEF /* Sources */ = {
			isa = PBXSourcesBuildPhase;
			buildActionMask = 2147483647;
			files = (
				190A749625A6613E000EBFEF /* PreworkUITests.swift in Sources */,
			);
			runOnlyForDeploymentPostprocessing = 0;
		};
/* End PBXSourcesBuildPhase section */

/* Begin PBXTargetDependency section */
		190A748825A6613E000EBFEF /* PBXTargetDependency */ = {
			isa = PBXTargetDependency;
			target = 190A746F25A6613D000EBFEF /* Prework */;
			targetProxy = 190A748725A6613E000EBFEF /* PBXContainerItemProxy */;
		};
		190A749325A6613E000EBFEF /* PBXTargetDependency */ = {
			isa = PBXTargetDependency;
			target = 190A746F25A6613D000EBFEF /* Prework */;
			targetProxy = 190A749225A6613E000EBFEF /* PBXContainerItemProxy */;
		};
/* End PBXTargetDependency section */

/* Begin PBXVariantGroup section */
		190A747925A6613D000EBFEF /* Main.storyboard */ = {
			isa = PBXVariantGroup;
			children = (
				190A747A25A6613D000EBFEF /* Base */,
			);
			name = Main.storyboard;
			sourceTree = "<group>";
		};
		190A747E25A6613E000EBFEF /* LaunchScreen.storyboard */ = {
			isa = PBXVariantGroup;
			children = (
				190A747F25A6613E000EBFEF /* Base */,
			);
			name = LaunchScreen.storyboard;
			sourceTree = "<group>";
		};
/* End PBXVariantGroup section */

/* Begin XCBuildConfiguration section */
		190A749825A6613E000EBFEF /* Debug */ = {
			isa = XCBuildConfiguration;
			buildSettings = {
				ALWAYS_SEARCH_USER_PATHS = NO;
				CLANG_ANALYZER_NONNULL = YES;
				CLANG_ANALYZER_NUMBER_OBJECT_CONVERSION = YES_AGGRESSIVE;
				CLANG_CXX_LANGUAGE_STANDARD = "gnu++14";
				CLANG_CXX_LIBRARY = "libc++";
				CLANG_ENABLE_MODULES = YES;
				CLANG_ENABLE_OBJC_ARC = YES;
				CLANG_ENABLE_OBJC_WEAK = YES;
				CLANG_WARN_BLOCK_CAPTURE_AUTORELEASING = YES;
				CLANG_WARN_BOOL_CONVERSION = YES;
				CLANG_WARN_COMMA = YES;
				CLANG_WARN_CONSTANT_CONVERSION = YES;
				CLANG_WARN_DEPRECATED_OBJC_IMPLEMENTATIONS = YES;
				CLANG_WARN_DIRECT_OBJC_ISA_USAGE = YES_ERROR;
				CLANG_WARN_DOCUMENTATION_COMMENTS = YES;
				CLANG_WARN_EMPTY_BODY = YES;
				CLANG_WARN_ENUM_CONVERSION = YES;
				CLANG_WARN_INFINITE_RECURSION = YES;
				CLANG_WARN_INT_CONVERSION = YES;
				CLANG_WARN_NON_LITERAL_NULL_CONVERSION = YES;
				CLANG_WARN_OBJC_IMPLICIT_RETAIN_SELF = YES;
				CLANG_WARN_OBJC_LITERAL_CONVERSION = YES;
				CLANG_WARN_OBJC_ROOT_CLASS = YES_ERROR;
				CLANG_WARN_RANGE_LOOP_ANALYSIS = YES;
				CLANG_WARN_STRICT_PROTOTYPES = YES;
				CLANG_WARN_SUSPICIOUS_MOVE = YES;
				CLANG_WARN_UNGUARDED_AVAILABILITY = YES_AGGRESSIVE;
				CLANG_WARN_UNREACHABLE_CODE = YES;
				CLANG_WARN__DUPLICATE_METHOD_MATCH = YES;
				COPY_PHASE_STRIP = NO;
				DEBUG_INFORMATION_FORMAT = dwarf;
				ENABLE_STRICT_OBJC_MSGSEND = YES;
				ENABLE_TESTABILITY = YES;
				GCC_C_LANGUAGE_STANDARD = gnu11;
				GCC_DYNAMIC_NO_PIC = NO;
				GCC_NO_COMMON_BLOCKS = YES;
				GCC_OPTIMIZATION_LEVEL = 0;
				GCC_PREPROCESSOR_DEFINITIONS = (
					"DEBUG=1",
					"$(inherited)",
				);
				GCC_WARN_64_TO_32_BIT_CONVERSION = YES;
				GCC_WARN_ABOUT_RETURN_TYPE = YES_ERROR;
				GCC_WARN_UNDECLARED_SELECTOR = YES;
				GCC_WARN_UNINITIALIZED_AUTOS = YES_AGGRESSIVE;
				GCC_WARN_UNUSED_FUNCTION = YES;
				GCC_WARN_UNUSED_VARIABLE = YES;
				IPHONEOS_DEPLOYMENT_TARGET = 13.2;
				MTL_ENABLE_DEBUG_INFO = INCLUDE_SOURCE;
				MTL_FAST_MATH = YES;
				ONLY_ACTIVE_ARCH = YES;
				SDKROOT = iphoneos;
				SWIFT_ACTIVE_COMPILATION_CONDITIONS = DEBUG;
				SWIFT_OPTIMIZATION_LEVEL = "-Onone";
			};
			name = Debug;
		};
		190A749925A6613E000EBFEF /* Release */ = {
			isa = XCBuildConfiguration;
			buildSettings = {
				ALWAYS_SEARCH_USER_PATHS = NO;
				CLANG_ANALYZER_NONNULL = YES;
				CLANG_ANALYZER_NUMBER_OBJECT_CONVERSION = YES_AGGRESSIVE;
				CLANG_CXX_LANGUAGE_STANDARD = "gnu++14";
				CLANG_CXX_LIBRARY = "libc++";
				CLANG_ENABLE_MODULES = YES;
				CLANG_ENABLE_OBJC_ARC = YES;
				CLANG_ENABLE_OBJC_WEAK = YES;
				CLANG_WARN_BLOCK_CAPTURE_AUTORELEASING = YES;
				CLANG_WARN_BOOL_CONVERSION = YES;
				CLANG_WARN_COMMA = YES;
				CLANG_WARN_CONSTANT_CONVERSION = YES;
				CLANG_WARN_DEPRECATED_OBJC_IMPLEMENTATIONS = YES;
				CLANG_WARN_DIRECT_OBJC_ISA_USAGE = YES_ERROR;
				CLANG_WARN_DOCUMENTATION_COMMENTS = YES;
				CLANG_WARN_EMPTY_BODY = YES;
				CLANG_WARN_ENUM_CONVERSION = YES;
				CLANG_WARN_INFINITE_RECURSION = YES;
				CLANG_WARN_INT_CONVERSION = YES;
				CLANG_WARN_NON_LITERAL_NULL_CONVERSION = YES;
				CLANG_WARN_OBJC_IMPLICIT_RETAIN_SELF = YES;
				CLANG_WARN_OBJC_LITERAL_CONVERSION = YES;
				CLANG_WARN_OBJC_ROOT_CLASS = YES_ERROR;
				CLANG_WARN_RANGE_LOOP_ANALYSIS = YES;
				CLANG_WARN_STRICT_PROTOTYPES = YES;
				CLANG_WARN_SUSPICIOUS_MOVE = YES;
				CLANG_WARN_UNGUARDED_AVAILABILITY = YES_AGGRESSIVE;
				CLANG_WARN_UNREACHABLE_CODE = YES;
				CLANG_WARN__DUPLICATE_METHOD_MATCH = YES;
				COPY_PHASE_STRIP = NO;
				DEBUG_INFORMATION_FORMAT = "dwarf-with-dsym";
				ENABLE_NS_ASSERTIONS = NO;
				ENABLE_STRICT_OBJC_MSGSEND = YES;
				GCC_C_LANGUAGE_STANDARD = gnu11;
				GCC_NO_COMMON_BLOCKS = YES;
				GCC_WARN_64_TO_32_BIT_CONVERSION = YES;
				GCC_WARN_ABOUT_RETURN_TYPE = YES_ERROR;
				GCC_WARN_UNDECLARED_SELECTOR = YES;
				GCC_WARN_UNINITIALIZED_AUTOS = YES_AGGRESSIVE;
				GCC_WARN_UNUSED_FUNCTION = YES;
				GCC_WARN_UNUSED_VARIABLE = YES;
				IPHONEOS_DEPLOYMENT_TARGET = 13.2;
				MTL_ENABLE_DEBUG_INFO = NO;
				MTL_FAST_MATH = YES;
				SDKROOT = iphoneos;
				SWIFT_COMPILATION_MODE = wholemodule;
				SWIFT_OPTIMIZATION_LEVEL = "-O";
				VALIDATE_PRODUCT = YES;
			};
			name = Release;
		};
		190A749B25A6613E000EBFEF /* Debug */ = {
			isa = XCBuildConfiguration;
			buildSettings = {
				ASSETCATALOG_COMPILER_APPICON_NAME = AppIcon;
				CODE_SIGN_STYLE = Automatic;
				INFOPLIST_FILE = Prework/Info.plist;
				LD_RUNPATH_SEARCH_PATHS = (
					"$(inherited)",
					"@executable_path/Frameworks",
				);
				PRODUCT_BUNDLE_IDENTIFIER = memo.com.Prework;
				PRODUCT_NAME = "$(TARGET_NAME)";
				SWIFT_VERSION = 5.0;
				TARGETED_DEVICE_FAMILY = "1,2";
			};
			name = Debug;
		};
		190A749C25A6613E000EBFEF /* Release */ = {
			isa = XCBuildConfiguration;
			buildSettings = {
				ASSETCATALOG_COMPILER_APPICON_NAME = AppIcon;
				CODE_SIGN_STYLE = Automatic;
				INFOPLIST_FILE = Prework/Info.plist;
				LD_RUNPATH_SEARCH_PATHS = (
					"$(inherited)",
					"@executable_path/Frameworks",
				);
				PRODUCT_BUNDLE_IDENTIFIER = memo.com.Prework;
				PRODUCT_NAME = "$(TARGET_NAME)";
				SWIFT_VERSION = 5.0;
				TARGETED_DEVICE_FAMILY = "1,2";
			};
			name = Release;
		};
		190A749E25A6613E000EBFEF /* Debug */ = {
			isa = XCBuildConfiguration;
			buildSettings = {
				ALWAYS_EMBED_SWIFT_STANDARD_LIBRARIES = YES;
				BUNDLE_LOADER = "$(TEST_HOST)";
				CODE_SIGN_STYLE = Automatic;
				INFOPLIST_FILE = PreworkTests/Info.plist;
				IPHONEOS_DEPLOYMENT_TARGET = 13.2;
				LD_RUNPATH_SEARCH_PATHS = (
					"$(inherited)",
					"@executable_path/Frameworks",
					"@loader_path/Frameworks",
				);
				PRODUCT_BUNDLE_IDENTIFIER = memo.com.PreworkTests;
				PRODUCT_NAME = "$(TARGET_NAME)";
				SWIFT_VERSION = 5.0;
				TARGETED_DEVICE_FAMILY = "1,2";
				TEST_HOST = "$(BUILT_PRODUCTS_DIR)/Prework.app/Prework";
			};
			name = Debug;
		};
		190A749F25A6613E000EBFEF /* Release */ = {
			isa = XCBuildConfiguration;
			buildSettings = {
				ALWAYS_EMBED_SWIFT_STANDARD_LIBRARIES = YES;
				BUNDLE_LOADER = "$(TEST_HOST)";
				CODE_SIGN_STYLE = Automatic;
				INFOPLIST_FILE = PreworkTests/Info.plist;
				IPHONEOS_DEPLOYMENT_TARGET = 13.2;
				LD_RUNPATH_SEARCH_PATHS = (
					"$(inherited)",
					"@executable_path/Frameworks",
					"@loader_path/Frameworks",
				);
				PRODUCT_BUNDLE_IDENTIFIER = memo.com.PreworkTests;
				PRODUCT_NAME = "$(TARGET_NAME)";
				SWIFT_VERSION = 5.0;
				TARGETED_DEVICE_FAMILY = "1,2";
				TEST_HOST = "$(BUILT_PRODUCTS_DIR)/Prework.app/Prework";
			};
			name = Release;
		};
		190A74A125A6613E000EBFEF /* Debug */ = {
			isa = XCBuildConfiguration;
			buildSettings = {
				ALWAYS_EMBED_SWIFT_STANDARD_LIBRARIES = YES;
				CODE_SIGN_STYLE = Automatic;
				INFOPLIST_FILE = PreworkUITests/Info.plist;
				LD_RUNPATH_SEARCH_PATHS = (
					"$(inherited)",
					"@executable_path/Frameworks",
					"@loader_path/Frameworks",
				);
				PRODUCT_BUNDLE_IDENTIFIER = memo.com.PreworkUITests;
				PRODUCT_NAME = "$(TARGET_NAME)";
				SWIFT_VERSION = 5.0;
				TARGETED_DEVICE_FAMILY = "1,2";
				TEST_TARGET_NAME = Prework;
			};
			name = Debug;
		};
		190A74A225A6613E000EBFEF /* Release */ = {
			isa = XCBuildConfiguration;
			buildSettings = {
				ALWAYS_EMBED_SWIFT_STANDARD_LIBRARIES = YES;
				CODE_SIGN_STYLE = Automatic;
				INFOPLIST_FILE = PreworkUITests/Info.plist;
				LD_RUNPATH_SEARCH_PATHS = (
					"$(inherited)",
					"@executable_path/Frameworks",
					"@loader_path/Frameworks",
				);
				PRODUCT_BUNDLE_IDENTIFIER = memo.com.PreworkUITests;
				PRODUCT_NAME = "$(TARGET_NAME)";
				SWIFT_VERSION = 5.0;
				TARGETED_DEVICE_FAMILY = "1,2";
				TEST_TARGET_NAME = Prework;
			};
			name = Release;
		};
/* End XCBuildConfiguration section */

/* Begin XCConfigurationList section */
		190A746B25A6613C000EBFEF /* Build configuration list for PBXProject "Prework" */ = {
			isa = XCConfigurationList;
			buildConfigurations = (
				190A749825A6613E000EBFEF /* Debug */,
				190A749925A6613E000EBFEF /* Release */,
			);
			defaultConfigurationIsVisible = 0;
			defaultConfigurationName = Release;
		};
		190A749A25A6613E000EBFEF /* Build configuration list for PBXNativeTarget "Prework" */ = {
			isa = XCConfigurationList;
			buildConfigurations = (
				190A749B25A6613E000EBFEF /* Debug */,
				190A749C25A6613E000EBFEF /* Release */,
			);
			defaultConfigurationIsVisible = 0;
			defaultConfigurationName = Release;
		};
		190A749D25A6613E000EBFEF /* Build configuration list for PBXNativeTarget "PreworkTests" */ = {
			isa = XCConfigurationList;
			buildConfigurations = (
				190A749E25A6613E000EBFEF /* Debug */,
				190A749F25A6613E000EBFEF /* Release */,
			);
			defaultConfigurationIsVisible = 0;
			defaultConfigurationName = Release;
		};
		190A74A025A6613E000EBFEF /* Build configuration list for PBXNativeTarget "PreworkUITests" */ = {
			isa = XCConfigurationList;
			buildConfigurations = (
				190A74A125A6613E000EBFEF /* Debug */,
				190A74A225A6613E000EBFEF /* Release */,
			);
			defaultConfigurationIsVisible = 0;
			defaultConfigurationName = Release;
		};
/* End XCConfigurationList section */
	};
	rootObject = 190A746825A6613C000EBFEF /* Project object */;
}
